// !$*UTF8*$!
{
	archiveVersion = 1;
	classes = {
	};
	objectVersion = 50;
	objects = {

/* Begin PBXBuildFile section */
		BAF48E4D26C18795001FF1F3 /* AppDelegate.swift in Sources */ = {isa = PBXBuildFile; fileRef = BAF48E4C26C18795001FF1F3 /* AppDelegate.swift */; };
		BAF48E4F26C18795001FF1F3 /* SceneDelegate.swift in Sources */ = {isa = PBXBuildFile; fileRef = BAF48E4E26C18795001FF1F3 /* SceneDelegate.swift */; };
		BAF48E5126C18795001FF1F3 /* ViewController.swift in Sources */ = {isa = PBXBuildFile; fileRef = BAF48E5026C18795001FF1F3 /* ViewController.swift */; };
		BAF48E5426C18795001FF1F3 /* Main.storyboard in Resources */ = {isa = PBXBuildFile; fileRef = BAF48E5226C18795001FF1F3 /* Main.storyboard */; };
		BAF48E5726C18795001FF1F3 /* AppleNewsFeed.xcdatamodeld in Sources */ = {isa = PBXBuildFile; fileRef = BAF48E5526C18795001FF1F3 /* AppleNewsFeed.xcdatamodeld */; };
		BAF48E5926C187A4001FF1F3 /* Assets.xcassets in Resources */ = {isa = PBXBuildFile; fileRef = BAF48E5826C187A4001FF1F3 /* Assets.xcassets */; };
		BAF48E5C26C187A4001FF1F3 /* LaunchScreen.storyboard in Resources */ = {isa = PBXBuildFile; fileRef = BAF48E5A26C187A4001FF1F3 /* LaunchScreen.storyboard */; };
/* End PBXBuildFile section */

/* Begin PBXFileReference section */
		BAF48E4926C18795001FF1F3 /* AppleNewsFeed.app */ = {isa = PBXFileReference; explicitFileType = wrapper.application; includeInIndex = 0; path = AppleNewsFeed.app; sourceTree = BUILT_PRODUCTS_DIR; };
		BAF48E4C26C18795001FF1F3 /* AppDelegate.swift */ = {isa = PBXFileReference; lastKnownFileType = sourcecode.swift; path = AppDelegate.swift; sourceTree = "<group>"; };
		BAF48E4E26C18795001FF1F3 /* SceneDelegate.swift */ = {isa = PBXFileReference; lastKnownFileType = sourcecode.swift; path = SceneDelegate.swift; sourceTree = "<group>"; };
		BAF48E5026C18795001FF1F3 /* ViewController.swift */ = {isa = PBXFileReference; lastKnownFileType = sourcecode.swift; path = ViewController.swift; sourceTree = "<group>"; };
		BAF48E5326C18795001FF1F3 /* Base */ = {isa = PBXFileReference; lastKnownFileType = file.storyboard; name = Base; path = Base.lproj/Main.storyboard; sourceTree = "<group>"; };
		BAF48E5626C18795001FF1F3 /* AppleNewsFeed.xcdatamodel */ = {isa = PBXFileReference; lastKnownFileType = wrapper.xcdatamodel; path = AppleNewsFeed.xcdatamodel; sourceTree = "<group>"; };
		BAF48E5826C187A4001FF1F3 /* Assets.xcassets */ = {isa = PBXFileReference; lastKnownFileType = folder.assetcatalog; path = Assets.xcassets; sourceTree = "<group>"; };
		BAF48E5B26C187A4001FF1F3 /* Base */ = {isa = PBXFileReference; lastKnownFileType = file.storyboard; name = Base; path = Base.lproj/LaunchScreen.storyboard; sourceTree = "<group>"; };
		BAF48E5D26C187A4001FF1F3 /* Info.plist */ = {isa = PBXFileReference; lastKnownFileType = text.plist.xml; path = Info.plist; sourceTree = "<group>"; };
/* End PBXFileReference section */

/* Begin PBXFrameworksBuildPhase section */
		BAF48E4626C18795001FF1F3 /* Frameworks */ = {
			isa = PBXFrameworksBuildPhase;
			buildActionMask = 2147483647;
			files = (
			);
			runOnlyForDeploymentPostprocessing = 0;
		};
/* End PBXFrameworksBuildPhase section */

/* Begin PBXGroup section */
		BAF48E4026C18795001FF1F3 = {
			isa = PBXGroup;
			children = (
				BAF48E4B26C18795001FF1F3 /* AppleNewsFeed */,
				BAF48E4A26C18795001FF1F3 /* Products */,
			);
			sourceTree = "<group>";
		};
		BAF48E4A26C18795001FF1F3 /* Products */ = {
			isa = PBXGroup;
			children = (
				BAF48E4926C18795001FF1F3 /* AppleNewsFeed.app */,
			);
			name = Products;
			sourceTree = "<group>";
		};
		BAF48E4B26C18795001FF1F3 /* AppleNewsFeed */ = {
			isa = PBXGroup;
			children = (
				BAF48E4C26C18795001FF1F3 /* AppDelegate.swift */,
				BAF48E4E26C18795001FF1F3 /* SceneDelegate.swift */,
				BAF48E5026C18795001FF1F3 /* ViewController.swift */,
				BAF48E5226C18795001FF1F3 /* Main.storyboard */,
				BAF48E5826C187A4001FF1F3 /* Assets.xcassets */,
				BAF48E5A26C187A4001FF1F3 /* LaunchScreen.storyboard */,
				BAF48E5D26C187A4001FF1F3 /* Info.plist */,
				BAF48E5526C18795001FF1F3 /* AppleNewsFeed.xcdatamodeld */,
			);
			path = AppleNewsFeed;
			sourceTree = "<group>";
		};
/* End PBXGroup section */

/* Begin PBXNativeTarget section */
		BAF48E4826C18795001FF1F3 /* AppleNewsFeed */ = {
			isa = PBXNativeTarget;
			buildConfigurationList = BAF48E6026C187A4001FF1F3 /* Build configuration list for PBXNativeTarget "AppleNewsFeed" */;
			buildPhases = (
				BAF48E4526C18795001FF1F3 /* Sources */,
				BAF48E4626C18795001FF1F3 /* Frameworks */,
				BAF48E4726C18795001FF1F3 /* Resources */,
			);
			buildRules = (
			);
			dependencies = (
			);
			name = AppleNewsFeed;
			productName = AppleNewsFeed;
			productReference = BAF48E4926C18795001FF1F3 /* AppleNewsFeed.app */;
			productType = "com.apple.product-type.application";
		};
/* End PBXNativeTarget section */

/* Begin PBXProject section */
		BAF48E4126C18795001FF1F3 /* Project object */ = {
			isa = PBXProject;
			attributes = {
				LastSwiftUpdateCheck = 1250;
				LastUpgradeCheck = 1250;
				TargetAttributes = {
					BAF48E4826C18795001FF1F3 = {
						CreatedOnToolsVersion = 12.5.1;
					};
				};
			};
			buildConfigurationList = BAF48E4426C18795001FF1F3 /* Build configuration list for PBXProject "AppleNewsFeed" */;
			compatibilityVersion = "Xcode 9.3";
			developmentRegion = en;
			hasScannedForEncodings = 0;
			knownRegions = (
				en,
				Base,
			);
			mainGroup = BAF48E4026C18795001FF1F3;
			productRefGroup = BAF48E4A26C18795001FF1F3 /* Products */;
			projectDirPath = "";
			projectRoot = "";
			targets = (
				BAF48E4826C18795001FF1F3 /* AppleNewsFeed */,
			);
		};
/* End PBXProject section */

/* Begin PBXResourcesBuildPhase section */
		BAF48E4726C18795001FF1F3 /* Resources */ = {
			isa = PBXResourcesBuildPhase;
			buildActionMask = 2147483647;
			files = (
				BAF48E5C26C187A4001FF1F3 /* LaunchScreen.storyboard in Resources */,
				BAF48E5926C187A4001FF1F3 /* Assets.xcassets in Resources */,
				BAF48E5426C18795001FF1F3 /* Main.storyboard in Resources */,
			);
			runOnlyForDeploymentPostprocessing = 0;
		};
/* End PBXResourcesBuildPhase section */

/* Begin PBXSourcesBuildPhase section */
		BAF48E4526C18795001FF1F3 /* Sources */ = {
			isa = PBXSourcesBuildPhase;
			buildActionMask = 2147483647;
			files = (
				BAF48E5126C18795001FF1F3 /* ViewController.swift in Sources */,
				BAF48E5726C18795001FF1F3 /* AppleNewsFeed.xcdatamodeld in Sources */,
				BAF48E4D26C18795001FF1F3 /* AppDelegate.swift in Sources */,
				BAF48E4F26C18795001FF1F3 /* SceneDelegate.swift in Sources */,
			);
			runOnlyForDeploymentPostprocessing = 0;
		};
/* End PBXSourcesBuildPhase section */

/* Begin PBXVariantGroup section */
		BAF48E5226C18795001FF1F3 /* Main.storyboard */ = {
			isa = PBXVariantGroup;
			children = (
				BAF48E5326C18795001FF1F3 /* Base */,
			);
			name = Main.storyboard;
			sourceTree = "<group>";
		};
		BAF48E5A26C187A4001FF1F3 /* LaunchScreen.storyboard */ = {
			isa = PBXVariantGroup;
			children = (
				BAF48E5B26C187A4001FF1F3 /* Base */,
			);
			name = LaunchScreen.storyboard;
			sourceTree = "<group>";
		};
/* End PBXVariantGroup section */

/* Begin XCBuildConfiguration section */
		BAF48E5E26C187A4001FF1F3 /* Debug */ = {
			isa = XCBuildConfiguration;
			buildSettings = {
				ALWAYS_SEARCH_USER_PATHS = NO;
				CLANG_ANALYZER_NONNULL = YES;
				CLANG_ANALYZER_NUMBER_OBJECT_CONVERSION = YES_AGGRESSIVE;
				CLANG_CXX_LANGUAGE_STANDARD = "gnu++14";
				CLANG_CXX_LIBRARY = "libc++";
				CLANG_ENABLE_MODULES = YES;
				CLANG_ENABLE_OBJC_ARC = YES;
				CLANG_ENABLE_OBJC_WEAK = YES;
				CLANG_WARN_BLOCK_CAPTURE_AUTORELEASING = YES;
				CLANG_WARN_BOOL_CONVERSION = YES;
				CLANG_WARN_COMMA = YES;
				CLANG_WARN_CONSTANT_CONVERSION = YES;
				CLANG_WARN_DEPRECATED_OBJC_IMPLEMENTATIONS = YES;
				CLANG_WARN_DIRECT_OBJC_ISA_USAGE = YES_ERROR;
				CLANG_WARN_DOCUMENTATION_COMMENTS = YES;
				CLANG_WARN_EMPTY_BODY = YES;
				CLANG_WARN_ENUM_CONVERSION = YES;
				CLANG_WARN_INFINITE_RECURSION = YES;
				CLANG_WARN_INT_CONVERSION = YES;
				CLANG_WARN_NON_LITERAL_NULL_CONVERSION = YES;
				CLANG_WARN_OBJC_IMPLICIT_RETAIN_SELF = YES;
				CLANG_WARN_OBJC_LITERAL_CONVERSION = YES;
				CLANG_WARN_OBJC_ROOT_CLASS = YES_ERROR;
				CLANG_WARN_QUOTED_INCLUDE_IN_FRAMEWORK_HEADER = YES;
				CLANG_WARN_RANGE_LOOP_ANALYSIS = YES;
				CLANG_WARN_STRICT_PROTOTYPES = YES;
				CLANG_WARN_SUSPICIOUS_MOVE = YES;
				CLANG_WARN_UNGUARDED_AVAILABILITY = YES_AGGRESSIVE;
				CLANG_WARN_UNREACHABLE_CODE = YES;
				CLANG_WARN__DUPLICATE_METHOD_MATCH = YES;
				COPY_PHASE_STRIP = NO;
				DEBUG_INFORMATION_FORMAT = dwarf;
				ENABLE_STRICT_OBJC_MSGSEND = YES;
				ENABLE_TESTABILITY = YES;
				GCC_C_LANGUAGE_STANDARD = gnu11;
				GCC_DYNAMIC_NO_PIC = NO;
				GCC_NO_COMMON_BLOCKS = YES;
				GCC_OPTIMIZATION_LEVEL = 0;
				GCC_PREPROCESSOR_DEFINITIONS = (
					"DEBUG=1",
					"$(inherited)",
				);
				GCC_WARN_64_TO_32_BIT_CONVERSION = YES;
				GCC_WARN_ABOUT_RETURN_TYPE = YES_ERROR;
				GCC_WARN_UNDECLARED_SELECTOR = YES;
				GCC_WARN_UNINITIALIZED_AUTOS = YES_AGGRESSIVE;
				GCC_WARN_UNUSED_FUNCTION = YES;
				GCC_WARN_UNUSED_VARIABLE = YES;
				IPHONEOS_DEPLOYMENT_TARGET = 14.5;
				MTL_ENABLE_DEBUG_INFO = INCLUDE_SOURCE;
				MTL_FAST_MATH = YES;
				ONLY_ACTIVE_ARCH = YES;
				SDKROOT = iphoneos;
				SWIFT_ACTIVE_COMPILATION_CONDITIONS = DEBUG;
				SWIFT_OPTIMIZATION_LEVEL = "-Onone";
			};
			name = Debug;
		};
		BAF48E5F26C187A4001FF1F3 /* Release */ = {
			isa = XCBuildConfiguration;
			buildSettings = {
				ALWAYS_SEARCH_USER_PATHS = NO;
				CLANG_ANALYZER_NONNULL = YES;
				CLANG_ANALYZER_NUMBER_OBJECT_CONVERSION = YES_AGGRESSIVE;
				CLANG_CXX_LANGUAGE_STANDARD = "gnu++14";
				CLANG_CXX_LIBRARY = "libc++";
				CLANG_ENABLE_MODULES = YES;
				CLANG_ENABLE_OBJC_ARC = YES;
				CLANG_ENABLE_OBJC_WEAK = YES;
				CLANG_WARN_BLOCK_CAPTURE_AUTORELEASING = YES;
				CLANG_WARN_BOOL_CONVERSION = YES;
				CLANG_WARN_COMMA = YES;
				CLANG_WARN_CONSTANT_CONVERSION = YES;
				CLANG_WARN_DEPRECATED_OBJC_IMPLEMENTATIONS = YES;
				CLANG_WARN_DIRECT_OBJC_ISA_USAGE = YES_ERROR;
				CLANG_WARN_DOCUMENTATION_COMMENTS = YES;
				CLANG_WARN_EMPTY_BODY = YES;
				CLANG_WARN_ENUM_CONVERSION = YES;
				CLANG_WARN_INFINITE_RECURSION = YES;
				CLANG_WARN_INT_CONVERSION = YES;
				CLANG_WARN_NON_LITERAL_NULL_CONVERSION = YES;
				CLANG_WARN_OBJC_IMPLICIT_RETAIN_SELF = YES;
				CLANG_WARN_OBJC_LITERAL_CONVERSION = YES;
				CLANG_WARN_OBJC_ROOT_CLASS = YES_ERROR;
				CLANG_WARN_QUOTED_INCLUDE_IN_FRAMEWORK_HEADER = YES;
				CLANG_WARN_RANGE_LOOP_ANALYSIS = YES;
				CLANG_WARN_STRICT_PROTOTYPES = YES;
				CLANG_WARN_SUSPICIOUS_MOVE = YES;
				CLANG_WARN_UNGUARDED_AVAILABILITY = YES_AGGRESSIVE;
				CLANG_WARN_UNREACHABLE_CODE = YES;
				CLANG_WARN__DUPLICATE_METHOD_MATCH = YES;
				COPY_PHASE_STRIP = NO;
				DEBUG_INFORMATION_FORMAT = "dwarf-with-dsym";
				ENABLE_NS_ASSERTIONS = NO;
				ENABLE_STRICT_OBJC_MSGSEND = YES;
				GCC_C_LANGUAGE_STANDARD = gnu11;
				GCC_NO_COMMON_BLOCKS = YES;
				GCC_WARN_64_TO_32_BIT_CONVERSION = YES;
				GCC_WARN_ABOUT_RETURN_TYPE = YES_ERROR;
				GCC_WARN_UNDECLARED_SELECTOR = YES;
				GCC_WARN_UNINITIALIZED_AUTOS = YES_AGGRESSIVE;
				GCC_WARN_UNUSED_FUNCTION = YES;
				GCC_WARN_UNUSED_VARIABLE = YES;
				IPHONEOS_DEPLOYMENT_TARGET = 14.5;
				MTL_ENABLE_DEBUG_INFO = NO;
				MTL_FAST_MATH = YES;
				SDKROOT = iphoneos;
				SWIFT_COMPILATION_MODE = wholemodule;
				SWIFT_OPTIMIZATION_LEVEL = "-O";
				VALIDATE_PRODUCT = YES;
			};
			name = Release;
		};
		BAF48E6126C187A4001FF1F3 /* Debug */ = {
			isa = XCBuildConfiguration;
			buildSettings = {
				ASSETCATALOG_COMPILER_APPICON_NAME = AppIcon;
				ASSETCATALOG_COMPILER_GLOBAL_ACCENT_COLOR_NAME = AccentColor;
				CODE_SIGN_STYLE = Automatic;
				DEVELOPMENT_TEAM = NJY4X7G9MR;
				INFOPLIST_FILE = AppleNewsFeed/Info.plist;
				LD_RUNPATH_SEARCH_PATHS = (
					"$(inherited)",
					"@executable_path/Frameworks",
				);
				PRODUCT_BUNDLE_IDENTIFIER = com.linda.zande.AppleNewsFeed;
				PRODUCT_NAME = "$(TARGET_NAME)";
				SWIFT_VERSION = 5.0;
				TARGETED_DEVICE_FAMILY = "1,2";
			};
			name = Debug;
		};
		BAF48E6226C187A4001FF1F3 /* Release */ = {
			isa = XCBuildConfiguration;
			buildSettings = {
				ASSETCATALOG_COMPILER_APPICON_NAME = AppIcon;
				ASSETCATALOG_COMPILER_GLOBAL_ACCENT_COLOR_NAME = AccentColor;
				CODE_SIGN_STYLE = Automatic;
				DEVELOPMENT_TEAM = NJY4X7G9MR;
				INFOPLIST_FILE = AppleNewsFeed/Info.plist;
				LD_RUNPATH_SEARCH_PATHS = (
					"$(inherited)",
					"@executable_path/Frameworks",
				);
				PRODUCT_BUNDLE_IDENTIFIER = com.linda.zande.AppleNewsFeed;
				PRODUCT_NAME = "$(TARGET_NAME)";
				SWIFT_VERSION = 5.0;
				TARGETED_DEVICE_FAMILY = "1,2";
			};
			name = Release;
		};
/* End XCBuildConfiguration section */

/* Begin XCConfigurationList section */
		BAF48E4426C18795001FF1F3 /* Build configuration list for PBXProject "AppleNewsFeed" */ = {
			isa = XCConfigurationList;
			buildConfigurations = (
				BAF48E5E26C187A4001FF1F3 /* Debug */,
				BAF48E5F26C187A4001FF1F3 /* Release */,
			);
			defaultConfigurationIsVisible = 0;
			defaultConfigurationName = Release;
		};
		BAF48E6026C187A4001FF1F3 /* Build configuration list for PBXNativeTarget "AppleNewsFeed" */ = {
			isa = XCConfigurationList;
			buildConfigurations = (
				BAF48E6126C187A4001FF1F3 /* Debug */,
				BAF48E6226C187A4001FF1F3 /* Release */,
			);
			defaultConfigurationIsVisible = 0;
			defaultConfigurationName = Release;
		};
/* End XCConfigurationList section */

/* Begin XCVersionGroup section */
		BAF48E5526C18795001FF1F3 /* AppleNewsFeed.xcdatamodeld */ = {
			isa = XCVersionGroup;
			children = (
				BAF48E5626C18795001FF1F3 /* AppleNewsFeed.xcdatamodel */,
			);
			currentVersion = BAF48E5626C18795001FF1F3 /* AppleNewsFeed.xcdatamodel */;
			path = AppleNewsFeed.xcdatamodeld;
			sourceTree = "<group>";
			versionGroupType = wrapper.xcdatamodel;
		};
/* End XCVersionGroup section */
	};
	rootObject = BAF48E4126C18795001FF1F3 /* Project object */;
}
